// !$*UTF8*$!
{
	archiveVersion = 1;
	classes = {
	};
	objectVersion = 46;
	objects = {

/* Begin PBXBuildFile section */
		BBEFDC091C80767B00C395B7 /* AppDelegate.swift in Sources */ = {isa = PBXBuildFile; fileRef = BBEFDC081C80767B00C395B7 /* AppDelegate.swift */; };
		BBEFDC0B1C80767B00C395B7 /* ViewController.swift in Sources */ = {isa = PBXBuildFile; fileRef = BBEFDC0A1C80767B00C395B7 /* ViewController.swift */; };
		BBEFDC0D1C80767B00C395B7 /* Assets.xcassets in Resources */ = {isa = PBXBuildFile; fileRef = BBEFDC0C1C80767B00C395B7 /* Assets.xcassets */; };
		BBEFDC101C80767B00C395B7 /* Main.storyboard in Resources */ = {isa = PBXBuildFile; fileRef = BBEFDC0E1C80767B00C395B7 /* Main.storyboard */; };
		BBEFDC1B1C80767B00C395B7 /* TrafficTests.swift in Sources */ = {isa = PBXBuildFile; fileRef = BBEFDC1A1C80767B00C395B7 /* TrafficTests.swift */; };
		BBEFDC261C80767B00C395B7 /* TrafficUITests.swift in Sources */ = {isa = PBXBuildFile; fileRef = BBEFDC251C80767B00C395B7 /* TrafficUITests.swift */; };
		FE0BC63D1CD101E90069196C /* ErrorManager.swift in Sources */ = {isa = PBXBuildFile; fileRef = FE0BC63C1CD101E90069196C /* ErrorManager.swift */; };
		FE0D5E5C1CD360BA001D836E /* JIRANetworking.swift in Sources */ = {isa = PBXBuildFile; fileRef = FE0D5E5B1CD360BA001D836E /* JIRANetworking.swift */; };
		FE1011161CBE8AE100DE04CE /* IssueDetailsViewController.swift in Sources */ = {isa = PBXBuildFile; fileRef = FE1011151CBE8AE100DE04CE /* IssueDetailsViewController.swift */; };
		FE1E3E611CEF1F7000CD8C48 /* Extensions.swift in Sources */ = {isa = PBXBuildFile; fileRef = FE1E3E601CEF1F7000CD8C48 /* Extensions.swift */; };
		FE1E3E691CF32BD000CD8C48 /* ProjectsViewController.swift in Sources */ = {isa = PBXBuildFile; fileRef = FE1E3E681CF32BD000CD8C48 /* ProjectsViewController.swift */; };
		FE3DE4871CBBBCA300D35BF8 /* AppDelegate.swift in Sources */ = {isa = PBXBuildFile; fileRef = FE3DE4861CBBBCA300D35BF8 /* AppDelegate.swift */; };
		FE3DE4891CBBBCA300D35BF8 /* TasksViewController.swift in Sources */ = {isa = PBXBuildFile; fileRef = FE3DE4881CBBBCA300D35BF8 /* TasksViewController.swift */; };
		FE3DE48C1CBBBCA300D35BF8 /* Main.storyboard in Resources */ = {isa = PBXBuildFile; fileRef = FE3DE48A1CBBBCA300D35BF8 /* Main.storyboard */; };
		FE3DE48F1CBBBCA300D35BF8 /* Traffic_iOS.xcdatamodeld in Sources */ = {isa = PBXBuildFile; fileRef = FE3DE48D1CBBBCA300D35BF8 /* Traffic_iOS.xcdatamodeld */; };
		FE3DE4911CBBBCA300D35BF8 /* Assets.xcassets in Resources */ = {isa = PBXBuildFile; fileRef = FE3DE4901CBBBCA300D35BF8 /* Assets.xcassets */; };
		FE3DE4941CBBBCA300D35BF8 /* LaunchScreen.storyboard in Resources */ = {isa = PBXBuildFile; fileRef = FE3DE4921CBBBCA300D35BF8 /* LaunchScreen.storyboard */; };
		FE3DE49F1CBBBCA300D35BF8 /* Traffic_iOSTests.swift in Sources */ = {isa = PBXBuildFile; fileRef = FE3DE49E1CBBBCA300D35BF8 /* Traffic_iOSTests.swift */; };
		FE3DE4AA1CBBBCA300D35BF8 /* Traffic_iOSUITests.swift in Sources */ = {isa = PBXBuildFile; fileRef = FE3DE4A91CBBBCA300D35BF8 /* Traffic_iOSUITests.swift */; };
		FE3DE4B81CBBCBA100D35BF8 /* JIRAItems.swift in Sources */ = {isa = PBXBuildFile; fileRef = FE3DE4B71CBBCBA100D35BF8 /* JIRAItems.swift */; };
		FE49FE891CBD56C9009255EE /* LoginViewController.swift in Sources */ = {isa = PBXBuildFile; fileRef = FE49FE881CBD56C9009255EE /* LoginViewController.swift */; };
		FEC7BAB91CC62AEE001A2181 /* Security.framework in Frameworks */ = {isa = PBXBuildFile; fileRef = FEC7BAB81CC62AEE001A2181 /* Security.framework */; };
/* End PBXBuildFile section */

/* Begin PBXContainerItemProxy section */
		BBEFDC171C80767B00C395B7 /* PBXContainerItemProxy */ = {
			isa = PBXContainerItemProxy;
			containerPortal = BBEFDBFD1C80767B00C395B7 /* Project object */;
			proxyType = 1;
			remoteGlobalIDString = BBEFDC041C80767B00C395B7;
			remoteInfo = Traffic;
		};
		BBEFDC221C80767B00C395B7 /* PBXContainerItemProxy */ = {
			isa = PBXContainerItemProxy;
			containerPortal = BBEFDBFD1C80767B00C395B7 /* Project object */;
			proxyType = 1;
			remoteGlobalIDString = BBEFDC041C80767B00C395B7;
			remoteInfo = Traffic;
		};
		FE3DE49B1CBBBCA300D35BF8 /* PBXContainerItemProxy */ = {
			isa = PBXContainerItemProxy;
			containerPortal = BBEFDBFD1C80767B00C395B7 /* Project object */;
			proxyType = 1;
			remoteGlobalIDString = FE3DE4831CBBBCA300D35BF8;
			remoteInfo = "Traffic-iOS";
		};
		FE3DE4A61CBBBCA300D35BF8 /* PBXContainerItemProxy */ = {
			isa = PBXContainerItemProxy;
			containerPortal = BBEFDBFD1C80767B00C395B7 /* Project object */;
			proxyType = 1;
			remoteGlobalIDString = FE3DE4831CBBBCA300D35BF8;
			remoteInfo = "Traffic-iOS";
		};
/* End PBXContainerItemProxy section */

/* Begin PBXFileReference section */
		BBEFDC051C80767B00C395B7 /* Traffic.app */ = {isa = PBXFileReference; explicitFileType = wrapper.application; includeInIndex = 0; path = Traffic.app; sourceTree = BUILT_PRODUCTS_DIR; };
		BBEFDC081C80767B00C395B7 /* AppDelegate.swift */ = {isa = PBXFileReference; lastKnownFileType = sourcecode.swift; path = AppDelegate.swift; sourceTree = "<group>"; };
		BBEFDC0A1C80767B00C395B7 /* ViewController.swift */ = {isa = PBXFileReference; lastKnownFileType = sourcecode.swift; path = ViewController.swift; sourceTree = "<group>"; };
		BBEFDC0C1C80767B00C395B7 /* Assets.xcassets */ = {isa = PBXFileReference; lastKnownFileType = folder.assetcatalog; path = Assets.xcassets; sourceTree = "<group>"; };
		BBEFDC0F1C80767B00C395B7 /* Base */ = {isa = PBXFileReference; lastKnownFileType = file.storyboard; name = Base; path = Base.lproj/Main.storyboard; sourceTree = "<group>"; };
		BBEFDC111C80767B00C395B7 /* Info.plist */ = {isa = PBXFileReference; lastKnownFileType = text.plist.xml; path = Info.plist; sourceTree = "<group>"; };
		BBEFDC161C80767B00C395B7 /* TrafficTests.xctest */ = {isa = PBXFileReference; explicitFileType = wrapper.cfbundle; includeInIndex = 0; path = TrafficTests.xctest; sourceTree = BUILT_PRODUCTS_DIR; };
		BBEFDC1A1C80767B00C395B7 /* TrafficTests.swift */ = {isa = PBXFileReference; lastKnownFileType = sourcecode.swift; path = TrafficTests.swift; sourceTree = "<group>"; };
		BBEFDC1C1C80767B00C395B7 /* Info.plist */ = {isa = PBXFileReference; lastKnownFileType = text.plist.xml; path = Info.plist; sourceTree = "<group>"; };
		BBEFDC211C80767B00C395B7 /* TrafficUITests.xctest */ = {isa = PBXFileReference; explicitFileType = wrapper.cfbundle; includeInIndex = 0; path = TrafficUITests.xctest; sourceTree = BUILT_PRODUCTS_DIR; };
		BBEFDC251C80767B00C395B7 /* TrafficUITests.swift */ = {isa = PBXFileReference; lastKnownFileType = sourcecode.swift; path = TrafficUITests.swift; sourceTree = "<group>"; };
		BBEFDC271C80767B00C395B7 /* Info.plist */ = {isa = PBXFileReference; lastKnownFileType = text.plist.xml; path = Info.plist; sourceTree = "<group>"; };
		FE0BC63C1CD101E90069196C /* ErrorManager.swift */ = {isa = PBXFileReference; fileEncoding = 4; lastKnownFileType = sourcecode.swift; path = ErrorManager.swift; sourceTree = "<group>"; };
		FE0D5E5B1CD360BA001D836E /* JIRANetworking.swift */ = {isa = PBXFileReference; fileEncoding = 4; lastKnownFileType = sourcecode.swift; path = JIRANetworking.swift; sourceTree = "<group>"; };
		FE1011151CBE8AE100DE04CE /* IssueDetailsViewController.swift */ = {isa = PBXFileReference; fileEncoding = 4; lastKnownFileType = sourcecode.swift; path = IssueDetailsViewController.swift; sourceTree = "<group>"; };
		FE1E3E601CEF1F7000CD8C48 /* Extensions.swift */ = {isa = PBXFileReference; fileEncoding = 4; lastKnownFileType = sourcecode.swift; path = Extensions.swift; sourceTree = "<group>"; };
		FE1E3E681CF32BD000CD8C48 /* ProjectsViewController.swift */ = {isa = PBXFileReference; fileEncoding = 4; lastKnownFileType = sourcecode.swift; path = ProjectsViewController.swift; sourceTree = "<group>"; };
		FE3DE4841CBBBCA300D35BF8 /* Traffic-iOS.app */ = {isa = PBXFileReference; explicitFileType = wrapper.application; includeInIndex = 0; path = "Traffic-iOS.app"; sourceTree = BUILT_PRODUCTS_DIR; };
		FE3DE4861CBBBCA300D35BF8 /* AppDelegate.swift */ = {isa = PBXFileReference; lastKnownFileType = sourcecode.swift; path = AppDelegate.swift; sourceTree = "<group>"; };
		FE3DE4881CBBBCA300D35BF8 /* TasksViewController.swift */ = {isa = PBXFileReference; lastKnownFileType = sourcecode.swift; path = TasksViewController.swift; sourceTree = "<group>"; };
		FE3DE48B1CBBBCA300D35BF8 /* Base */ = {isa = PBXFileReference; lastKnownFileType = file.storyboard; name = Base; path = Base.lproj/Main.storyboard; sourceTree = "<group>"; };
		FE3DE48E1CBBBCA300D35BF8 /* Traffic_iOS.xcdatamodel */ = {isa = PBXFileReference; lastKnownFileType = wrapper.xcdatamodel; path = Traffic_iOS.xcdatamodel; sourceTree = "<group>"; };
		FE3DE4901CBBBCA300D35BF8 /* Assets.xcassets */ = {isa = PBXFileReference; lastKnownFileType = folder.assetcatalog; path = Assets.xcassets; sourceTree = "<group>"; };
		FE3DE4931CBBBCA300D35BF8 /* Base */ = {isa = PBXFileReference; lastKnownFileType = file.storyboard; name = Base; path = Base.lproj/LaunchScreen.storyboard; sourceTree = "<group>"; };
		FE3DE4951CBBBCA300D35BF8 /* Info.plist */ = {isa = PBXFileReference; lastKnownFileType = text.plist.xml; path = Info.plist; sourceTree = "<group>"; };
		FE3DE49A1CBBBCA300D35BF8 /* Traffic-iOSTests.xctest */ = {isa = PBXFileReference; explicitFileType = wrapper.cfbundle; includeInIndex = 0; path = "Traffic-iOSTests.xctest"; sourceTree = BUILT_PRODUCTS_DIR; };
		FE3DE49E1CBBBCA300D35BF8 /* Traffic_iOSTests.swift */ = {isa = PBXFileReference; lastKnownFileType = sourcecode.swift; path = Traffic_iOSTests.swift; sourceTree = "<group>"; };
		FE3DE4A01CBBBCA300D35BF8 /* Info.plist */ = {isa = PBXFileReference; lastKnownFileType = text.plist.xml; path = Info.plist; sourceTree = "<group>"; };
		FE3DE4A51CBBBCA300D35BF8 /* Traffic-iOSUITests.xctest */ = {isa = PBXFileReference; explicitFileType = wrapper.cfbundle; includeInIndex = 0; path = "Traffic-iOSUITests.xctest"; sourceTree = BUILT_PRODUCTS_DIR; };
		FE3DE4A91CBBBCA300D35BF8 /* Traffic_iOSUITests.swift */ = {isa = PBXFileReference; lastKnownFileType = sourcecode.swift; path = Traffic_iOSUITests.swift; sourceTree = "<group>"; };
		FE3DE4AB1CBBBCA300D35BF8 /* Info.plist */ = {isa = PBXFileReference; lastKnownFileType = text.plist.xml; path = Info.plist; sourceTree = "<group>"; };
		FE3DE4B71CBBCBA100D35BF8 /* JIRAItems.swift */ = {isa = PBXFileReference; fileEncoding = 4; lastKnownFileType = sourcecode.swift; path = JIRAItems.swift; sourceTree = "<group>"; };
		FE49FE881CBD56C9009255EE /* LoginViewController.swift */ = {isa = PBXFileReference; fileEncoding = 4; lastKnownFileType = sourcecode.swift; path = LoginViewController.swift; sourceTree = "<group>"; };
		FEC7BAB81CC62AEE001A2181 /* Security.framework */ = {isa = PBXFileReference; lastKnownFileType = wrapper.framework; name = Security.framework; path = Platforms/iPhoneOS.platform/Developer/SDKs/iPhoneOS9.3.sdk/System/Library/Frameworks/Security.framework; sourceTree = DEVELOPER_DIR; };
/* End PBXFileReference section */

/* Begin PBXFrameworksBuildPhase section */
		BBEFDC021C80767B00C395B7 /* Frameworks */ = {
			isa = PBXFrameworksBuildPhase;
			buildActionMask = 2147483647;
			files = (
			);
			runOnlyForDeploymentPostprocessing = 0;
		};
		BBEFDC131C80767B00C395B7 /* Frameworks */ = {
			isa = PBXFrameworksBuildPhase;
			buildActionMask = 2147483647;
			files = (
			);
			runOnlyForDeploymentPostprocessing = 0;
		};
		BBEFDC1E1C80767B00C395B7 /* Frameworks */ = {
			isa = PBXFrameworksBuildPhase;
			buildActionMask = 2147483647;
			files = (
			);
			runOnlyForDeploymentPostprocessing = 0;
		};
		FE3DE4811CBBBCA300D35BF8 /* Frameworks */ = {
			isa = PBXFrameworksBuildPhase;
			buildActionMask = 2147483647;
			files = (
				FEC7BAB91CC62AEE001A2181 /* Security.framework in Frameworks */,
			);
			runOnlyForDeploymentPostprocessing = 0;
		};
		FE3DE4971CBBBCA300D35BF8 /* Frameworks */ = {
			isa = PBXFrameworksBuildPhase;
			buildActionMask = 2147483647;
			files = (
			);
			runOnlyForDeploymentPostprocessing = 0;
		};
		FE3DE4A21CBBBCA300D35BF8 /* Frameworks */ = {
			isa = PBXFrameworksBuildPhase;
			buildActionMask = 2147483647;
			files = (
			);
			runOnlyForDeploymentPostprocessing = 0;
		};
/* End PBXFrameworksBuildPhase section */

/* Begin PBXGroup section */
		BBEFDBFC1C80767B00C395B7 = {
			isa = PBXGroup;
			children = (
				BBEFDC071C80767B00C395B7 /* Traffic */,
				BBEFDC191C80767B00C395B7 /* TrafficTests */,
				BBEFDC241C80767B00C395B7 /* TrafficUITests */,
				FE3DE4851CBBBCA300D35BF8 /* Traffic-iOS */,
				FE3DE49D1CBBBCA300D35BF8 /* Traffic-iOSTests */,
				FE3DE4A81CBBBCA300D35BF8 /* Traffic-iOSUITests */,
				FEC7BABA1CC62AF4001A2181 /* frameworks */,
				BBEFDC061C80767B00C395B7 /* Products */,
			);
			sourceTree = "<group>";
		};
		BBEFDC061C80767B00C395B7 /* Products */ = {
			isa = PBXGroup;
			children = (
				BBEFDC051C80767B00C395B7 /* Traffic.app */,
				BBEFDC161C80767B00C395B7 /* TrafficTests.xctest */,
				BBEFDC211C80767B00C395B7 /* TrafficUITests.xctest */,
				FE3DE4841CBBBCA300D35BF8 /* Traffic-iOS.app */,
				FE3DE49A1CBBBCA300D35BF8 /* Traffic-iOSTests.xctest */,
				FE3DE4A51CBBBCA300D35BF8 /* Traffic-iOSUITests.xctest */,
			);
			name = Products;
			sourceTree = "<group>";
		};
		BBEFDC071C80767B00C395B7 /* Traffic */ = {
			isa = PBXGroup;
			children = (
				BBEFDC081C80767B00C395B7 /* AppDelegate.swift */,
				BBEFDC0A1C80767B00C395B7 /* ViewController.swift */,
				BBEFDC0C1C80767B00C395B7 /* Assets.xcassets */,
				BBEFDC0E1C80767B00C395B7 /* Main.storyboard */,
				BBEFDC111C80767B00C395B7 /* Info.plist */,
			);
			path = Traffic;
			sourceTree = "<group>";
		};
		BBEFDC191C80767B00C395B7 /* TrafficTests */ = {
			isa = PBXGroup;
			children = (
				BBEFDC1A1C80767B00C395B7 /* TrafficTests.swift */,
				BBEFDC1C1C80767B00C395B7 /* Info.plist */,
			);
			path = TrafficTests;
			sourceTree = "<group>";
		};
		BBEFDC241C80767B00C395B7 /* TrafficUITests */ = {
			isa = PBXGroup;
			children = (
				BBEFDC251C80767B00C395B7 /* TrafficUITests.swift */,
				BBEFDC271C80767B00C395B7 /* Info.plist */,
			);
			path = TrafficUITests;
			sourceTree = "<group>";
		};
		FE3DE4851CBBBCA300D35BF8 /* Traffic-iOS */ = {
			isa = PBXGroup;
			children = (
				FE3DE4861CBBBCA300D35BF8 /* AppDelegate.swift */,
				FE1E3E601CEF1F7000CD8C48 /* Extensions.swift */,
				FE49FE881CBD56C9009255EE /* LoginViewController.swift */,
				FE1E3E681CF32BD000CD8C48 /* ProjectsViewController.swift */,
				FE3DE4881CBBBCA300D35BF8 /* TasksViewController.swift */,
				FE1011151CBE8AE100DE04CE /* IssueDetailsViewController.swift */,
				FE0BC63C1CD101E90069196C /* ErrorManager.swift */,
				FE3DE4B71CBBCBA100D35BF8 /* JIRAItems.swift */,
				FE0D5E5B1CD360BA001D836E /* JIRANetworking.swift */,
				FE3DE48A1CBBBCA300D35BF8 /* Main.storyboard */,
				FE3DE4901CBBBCA300D35BF8 /* Assets.xcassets */,
				FE3DE4921CBBBCA300D35BF8 /* LaunchScreen.storyboard */,
				FE3DE4951CBBBCA300D35BF8 /* Info.plist */,
				FE3DE48D1CBBBCA300D35BF8 /* Traffic_iOS.xcdatamodeld */,
			);
			path = "Traffic-iOS";
			sourceTree = "<group>";
		};
		FE3DE49D1CBBBCA300D35BF8 /* Traffic-iOSTests */ = {
			isa = PBXGroup;
			children = (
				FE3DE49E1CBBBCA300D35BF8 /* Traffic_iOSTests.swift */,
				FE3DE4A01CBBBCA300D35BF8 /* Info.plist */,
			);
			path = "Traffic-iOSTests";
			sourceTree = "<group>";
		};
		FE3DE4A81CBBBCA300D35BF8 /* Traffic-iOSUITests */ = {
			isa = PBXGroup;
			children = (
				FE3DE4A91CBBBCA300D35BF8 /* Traffic_iOSUITests.swift */,
				FE3DE4AB1CBBBCA300D35BF8 /* Info.plist */,
			);
			path = "Traffic-iOSUITests";
			sourceTree = "<group>";
		};
		FEC7BABA1CC62AF4001A2181 /* frameworks */ = {
			isa = PBXGroup;
			children = (
				FEC7BAB81CC62AEE001A2181 /* Security.framework */,
			);
			name = frameworks;
			sourceTree = "<group>";
		};
/* End PBXGroup section */

/* Begin PBXNativeTarget section */
		BBEFDC041C80767B00C395B7 /* Traffic */ = {
			isa = PBXNativeTarget;
			buildConfigurationList = BBEFDC2A1C80767B00C395B7 /* Build configuration list for PBXNativeTarget "Traffic" */;
			buildPhases = (
				BBEFDC011C80767B00C395B7 /* Sources */,
				BBEFDC021C80767B00C395B7 /* Frameworks */,
				BBEFDC031C80767B00C395B7 /* Resources */,
			);
			buildRules = (
			);
			dependencies = (
			);
			name = Traffic;
			productName = Traffic;
			productReference = BBEFDC051C80767B00C395B7 /* Traffic.app */;
			productType = "com.apple.product-type.application";
		};
		BBEFDC151C80767B00C395B7 /* TrafficTests */ = {
			isa = PBXNativeTarget;
			buildConfigurationList = BBEFDC2D1C80767B00C395B7 /* Build configuration list for PBXNativeTarget "TrafficTests" */;
			buildPhases = (
				BBEFDC121C80767B00C395B7 /* Sources */,
				BBEFDC131C80767B00C395B7 /* Frameworks */,
				BBEFDC141C80767B00C395B7 /* Resources */,
			);
			buildRules = (
			);
			dependencies = (
				BBEFDC181C80767B00C395B7 /* PBXTargetDependency */,
			);
			name = TrafficTests;
			productName = TrafficTests;
			productReference = BBEFDC161C80767B00C395B7 /* TrafficTests.xctest */;
			productType = "com.apple.product-type.bundle.unit-test";
		};
		BBEFDC201C80767B00C395B7 /* TrafficUITests */ = {
			isa = PBXNativeTarget;
			buildConfigurationList = BBEFDC301C80767B00C395B7 /* Build configuration list for PBXNativeTarget "TrafficUITests" */;
			buildPhases = (
				BBEFDC1D1C80767B00C395B7 /* Sources */,
				BBEFDC1E1C80767B00C395B7 /* Frameworks */,
				BBEFDC1F1C80767B00C395B7 /* Resources */,
			);
			buildRules = (
			);
			dependencies = (
				BBEFDC231C80767B00C395B7 /* PBXTargetDependency */,
			);
			name = TrafficUITests;
			productName = TrafficUITests;
			productReference = BBEFDC211C80767B00C395B7 /* TrafficUITests.xctest */;
			productType = "com.apple.product-type.bundle.ui-testing";
		};
		FE3DE4831CBBBCA300D35BF8 /* Traffic-iOS */ = {
			isa = PBXNativeTarget;
			buildConfigurationList = FE3DE4B21CBBBCA300D35BF8 /* Build configuration list for PBXNativeTarget "Traffic-iOS" */;
			buildPhases = (
				FE3DE4801CBBBCA300D35BF8 /* Sources */,
				FE3DE4811CBBBCA300D35BF8 /* Frameworks */,
				FE3DE4821CBBBCA300D35BF8 /* Resources */,
				FE49FE851CBBEB49009255EE /* ShellScript */,
			);
			buildRules = (
			);
			dependencies = (
			);
			name = "Traffic-iOS";
			productName = "Traffic-iOS";
			productReference = FE3DE4841CBBBCA300D35BF8 /* Traffic-iOS.app */;
			productType = "com.apple.product-type.application";
		};
		FE3DE4991CBBBCA300D35BF8 /* Traffic-iOSTests */ = {
			isa = PBXNativeTarget;
			buildConfigurationList = FE3DE4B31CBBBCA300D35BF8 /* Build configuration list for PBXNativeTarget "Traffic-iOSTests" */;
			buildPhases = (
				FE3DE4961CBBBCA300D35BF8 /* Sources */,
				FE3DE4971CBBBCA300D35BF8 /* Frameworks */,
				FE3DE4981CBBBCA300D35BF8 /* Resources */,
			);
			buildRules = (
			);
			dependencies = (
				FE3DE49C1CBBBCA300D35BF8 /* PBXTargetDependency */,
			);
			name = "Traffic-iOSTests";
			productName = "Traffic-iOSTests";
			productReference = FE3DE49A1CBBBCA300D35BF8 /* Traffic-iOSTests.xctest */;
			productType = "com.apple.product-type.bundle.unit-test";
		};
		FE3DE4A41CBBBCA300D35BF8 /* Traffic-iOSUITests */ = {
			isa = PBXNativeTarget;
			buildConfigurationList = FE3DE4B41CBBBCA300D35BF8 /* Build configuration list for PBXNativeTarget "Traffic-iOSUITests" */;
			buildPhases = (
				FE3DE4A11CBBBCA300D35BF8 /* Sources */,
				FE3DE4A21CBBBCA300D35BF8 /* Frameworks */,
				FE3DE4A31CBBBCA300D35BF8 /* Resources */,
			);
			buildRules = (
			);
			dependencies = (
				FE3DE4A71CBBBCA300D35BF8 /* PBXTargetDependency */,
			);
			name = "Traffic-iOSUITests";
			productName = "Traffic-iOSUITests";
			productReference = FE3DE4A51CBBBCA300D35BF8 /* Traffic-iOSUITests.xctest */;
			productType = "com.apple.product-type.bundle.ui-testing";
		};
/* End PBXNativeTarget section */

/* Begin PBXProject section */
		BBEFDBFD1C80767B00C395B7 /* Project object */ = {
			isa = PBXProject;
			attributes = {
				LastSwiftUpdateCheck = 0730;
				LastUpgradeCheck = 0720;
				ORGANIZATIONNAME = "Vitaliy Timoshenko";
				TargetAttributes = {
					BBEFDC041C80767B00C395B7 = {
						CreatedOnToolsVersion = 7.2;
					};
					BBEFDC151C80767B00C395B7 = {
						CreatedOnToolsVersion = 7.2;
						TestTargetID = BBEFDC041C80767B00C395B7;
					};
					BBEFDC201C80767B00C395B7 = {
						CreatedOnToolsVersion = 7.2;
						TestTargetID = BBEFDC041C80767B00C395B7;
					};
					FE3DE4831CBBBCA300D35BF8 = {
						CreatedOnToolsVersion = 7.3;
						DevelopmentTeam = 7JG9JLN56D;
					};
					FE3DE4991CBBBCA300D35BF8 = {
						CreatedOnToolsVersion = 7.3;
						TestTargetID = FE3DE4831CBBBCA300D35BF8;
					};
					FE3DE4A41CBBBCA300D35BF8 = {
						CreatedOnToolsVersion = 7.3;
						TestTargetID = FE3DE4831CBBBCA300D35BF8;
					};
				};
			};
			buildConfigurationList = BBEFDC001C80767B00C395B7 /* Build configuration list for PBXProject "Traffic" */;
			compatibilityVersion = "Xcode 3.2";
			developmentRegion = English;
			hasScannedForEncodings = 0;
			knownRegions = (
				en,
				Base,
			);
			mainGroup = BBEFDBFC1C80767B00C395B7;
			productRefGroup = BBEFDC061C80767B00C395B7 /* Products */;
			projectDirPath = "";
			projectRoot = "";
			targets = (
				BBEFDC041C80767B00C395B7 /* Traffic */,
				BBEFDC151C80767B00C395B7 /* TrafficTests */,
				BBEFDC201C80767B00C395B7 /* TrafficUITests */,
				FE3DE4831CBBBCA300D35BF8 /* Traffic-iOS */,
				FE3DE4991CBBBCA300D35BF8 /* Traffic-iOSTests */,
				FE3DE4A41CBBBCA300D35BF8 /* Traffic-iOSUITests */,
			);
		};
/* End PBXProject section */

/* Begin PBXResourcesBuildPhase section */
		BBEFDC031C80767B00C395B7 /* Resources */ = {
			isa = PBXResourcesBuildPhase;
			buildActionMask = 2147483647;
			files = (
				BBEFDC0D1C80767B00C395B7 /* Assets.xcassets in Resources */,
				BBEFDC101C80767B00C395B7 /* Main.storyboard in Resources */,
			);
			runOnlyForDeploymentPostprocessing = 0;
		};
		BBEFDC141C80767B00C395B7 /* Resources */ = {
			isa = PBXResourcesBuildPhase;
			buildActionMask = 2147483647;
			files = (
			);
			runOnlyForDeploymentPostprocessing = 0;
		};
		BBEFDC1F1C80767B00C395B7 /* Resources */ = {
			isa = PBXResourcesBuildPhase;
			buildActionMask = 2147483647;
			files = (
			);
			runOnlyForDeploymentPostprocessing = 0;
		};
		FE3DE4821CBBBCA300D35BF8 /* Resources */ = {
			isa = PBXResourcesBuildPhase;
			buildActionMask = 2147483647;
			files = (
				FE3DE4941CBBBCA300D35BF8 /* LaunchScreen.storyboard in Resources */,
				FE3DE4911CBBBCA300D35BF8 /* Assets.xcassets in Resources */,
				FE3DE48C1CBBBCA300D35BF8 /* Main.storyboard in Resources */,
			);
			runOnlyForDeploymentPostprocessing = 0;
		};
		FE3DE4981CBBBCA300D35BF8 /* Resources */ = {
			isa = PBXResourcesBuildPhase;
			buildActionMask = 2147483647;
			files = (
			);
			runOnlyForDeploymentPostprocessing = 0;
		};
		FE3DE4A31CBBBCA300D35BF8 /* Resources */ = {
			isa = PBXResourcesBuildPhase;
			buildActionMask = 2147483647;
			files = (
			);
			runOnlyForDeploymentPostprocessing = 0;
		};
/* End PBXResourcesBuildPhase section */

/* Begin PBXShellScriptBuildPhase section */
		FE49FE851CBBEB49009255EE /* ShellScript */ = {
			isa = PBXShellScriptBuildPhase;
			buildActionMask = 2147483647;
			files = (
			);
			inputPaths = (
			);
			outputPaths = (
			);
			runOnlyForDeploymentPostprocessing = 0;
			shellPath = /bin/sh;
			shellScript = "TAGS=\"TODO:|FIXME:|WARNING:\"\necho \"searching ${SRCROOT} for ${TAGS}\"\nfind \"${SRCROOT}\" \\( -name \"*.swift\" \\) -print0 | xargs -0 egrep --with-filename --line-number --only-matching \"($TAGS).*\\$\" | perl -p -e \"s/($TAGS)/ warning: \\$1/\"";
		};
/* End PBXShellScriptBuildPhase section */

/* Begin PBXSourcesBuildPhase section */
		BBEFDC011C80767B00C395B7 /* Sources */ = {
			isa = PBXSourcesBuildPhase;
			buildActionMask = 2147483647;
			files = (
				BBEFDC0B1C80767B00C395B7 /* ViewController.swift in Sources */,
				BBEFDC091C80767B00C395B7 /* AppDelegate.swift in Sources */,
			);
			runOnlyForDeploymentPostprocessing = 0;
		};
		BBEFDC121C80767B00C395B7 /* Sources */ = {
			isa = PBXSourcesBuildPhase;
			buildActionMask = 2147483647;
			files = (
				BBEFDC1B1C80767B00C395B7 /* TrafficTests.swift in Sources */,
			);
			runOnlyForDeploymentPostprocessing = 0;
		};
		BBEFDC1D1C80767B00C395B7 /* Sources */ = {
			isa = PBXSourcesBuildPhase;
			buildActionMask = 2147483647;
			files = (
				BBEFDC261C80767B00C395B7 /* TrafficUITests.swift in Sources */,
			);
			runOnlyForDeploymentPostprocessing = 0;
		};
		FE3DE4801CBBBCA300D35BF8 /* Sources */ = {
			isa = PBXSourcesBuildPhase;
			buildActionMask = 2147483647;
			files = (
				FE49FE891CBD56C9009255EE /* LoginViewController.swift in Sources */,
				FE3DE4B81CBBCBA100D35BF8 /* JIRAItems.swift in Sources */,
				FE1E3E691CF32BD000CD8C48 /* ProjectsViewController.swift in Sources */,
				FE0D5E5C1CD360BA001D836E /* JIRANetworking.swift in Sources */,
				FE0BC63D1CD101E90069196C /* ErrorManager.swift in Sources */,
				FE1E3E611CEF1F7000CD8C48 /* Extensions.swift in Sources */,
				FE3DE4891CBBBCA300D35BF8 /* TasksViewController.swift in Sources */,
				FE1011161CBE8AE100DE04CE /* IssueDetailsViewController.swift in Sources */,
				FE3DE48F1CBBBCA300D35BF8 /* Traffic_iOS.xcdatamodeld in Sources */,
				FE3DE4871CBBBCA300D35BF8 /* AppDelegate.swift in Sources */,
			);
			runOnlyForDeploymentPostprocessing = 0;
		};
		FE3DE4961CBBBCA300D35BF8 /* Sources */ = {
			isa = PBXSourcesBuildPhase;
			buildActionMask = 2147483647;
			files = (
				FE3DE49F1CBBBCA300D35BF8 /* Traffic_iOSTests.swift in Sources */,
			);
			runOnlyForDeploymentPostprocessing = 0;
		};
		FE3DE4A11CBBBCA300D35BF8 /* Sources */ = {
			isa = PBXSourcesBuildPhase;
			buildActionMask = 2147483647;
			files = (
				FE3DE4AA1CBBBCA300D35BF8 /* Traffic_iOSUITests.swift in Sources */,
			);
			runOnlyForDeploymentPostprocessing = 0;
		};
/* End PBXSourcesBuildPhase section */

/* Begin PBXTargetDependency section */
		BBEFDC181C80767B00C395B7 /* PBXTargetDependency */ = {
			isa = PBXTargetDependency;
			target = BBEFDC041C80767B00C395B7 /* Traffic */;
			targetProxy = BBEFDC171C80767B00C395B7 /* PBXContainerItemProxy */;
		};
		BBEFDC231C80767B00C395B7 /* PBXTargetDependency */ = {
			isa = PBXTargetDependency;
			target = BBEFDC041C80767B00C395B7 /* Traffic */;
			targetProxy = BBEFDC221C80767B00C395B7 /* PBXContainerItemProxy */;
		};
		FE3DE49C1CBBBCA300D35BF8 /* PBXTargetDependency */ = {
			isa = PBXTargetDependency;
			target = FE3DE4831CBBBCA300D35BF8 /* Traffic-iOS */;
			targetProxy = FE3DE49B1CBBBCA300D35BF8 /* PBXContainerItemProxy */;
		};
		FE3DE4A71CBBBCA300D35BF8 /* PBXTargetDependency */ = {
			isa = PBXTargetDependency;
			target = FE3DE4831CBBBCA300D35BF8 /* Traffic-iOS */;
			targetProxy = FE3DE4A61CBBBCA300D35BF8 /* PBXContainerItemProxy */;
		};
/* End PBXTargetDependency section */

/* Begin PBXVariantGroup section */
		BBEFDC0E1C80767B00C395B7 /* Main.storyboard */ = {
			isa = PBXVariantGroup;
			children = (
				BBEFDC0F1C80767B00C395B7 /* Base */,
			);
			name = Main.storyboard;
			sourceTree = "<group>";
		};
		FE3DE48A1CBBBCA300D35BF8 /* Main.storyboard */ = {
			isa = PBXVariantGroup;
			children = (
				FE3DE48B1CBBBCA300D35BF8 /* Base */,
			);
			name = Main.storyboard;
			sourceTree = "<group>";
		};
		FE3DE4921CBBBCA300D35BF8 /* LaunchScreen.storyboard */ = {
			isa = PBXVariantGroup;
			children = (
				FE3DE4931CBBBCA300D35BF8 /* Base */,
			);
			name = LaunchScreen.storyboard;
			sourceTree = "<group>";
		};
/* End PBXVariantGroup section */

/* Begin XCBuildConfiguration section */
		BBEFDC281C80767B00C395B7 /* Debug */ = {
			isa = XCBuildConfiguration;
			buildSettings = {
				ALWAYS_SEARCH_USER_PATHS = NO;
				CLANG_CXX_LANGUAGE_STANDARD = "gnu++0x";
				CLANG_CXX_LIBRARY = "libc++";
				CLANG_ENABLE_MODULES = YES;
				CLANG_ENABLE_OBJC_ARC = YES;
				CLANG_WARN_BOOL_CONVERSION = YES;
				CLANG_WARN_CONSTANT_CONVERSION = YES;
				CLANG_WARN_DIRECT_OBJC_ISA_USAGE = YES_ERROR;
				CLANG_WARN_EMPTY_BODY = YES;
				CLANG_WARN_ENUM_CONVERSION = YES;
				CLANG_WARN_INT_CONVERSION = YES;
				CLANG_WARN_OBJC_ROOT_CLASS = YES_ERROR;
				CLANG_WARN_UNREACHABLE_CODE = YES;
				CLANG_WARN__DUPLICATE_METHOD_MATCH = YES;
				CODE_SIGN_IDENTITY = "-";
				"CODE_SIGN_IDENTITY[sdk=iphoneos*]" = "";
				COPY_PHASE_STRIP = NO;
				DEBUG_INFORMATION_FORMAT = dwarf;
				ENABLE_STRICT_OBJC_MSGSEND = YES;
				ENABLE_TESTABILITY = YES;
				GCC_C_LANGUAGE_STANDARD = gnu99;
				GCC_DYNAMIC_NO_PIC = NO;
				GCC_NO_COMMON_BLOCKS = YES;
				GCC_OPTIMIZATION_LEVEL = 0;
				GCC_PREPROCESSOR_DEFINITIONS = (
					"DEBUG=1",
					"$(inherited)",
				);
				GCC_WARN_64_TO_32_BIT_CONVERSION = YES;
				GCC_WARN_ABOUT_RETURN_TYPE = YES_ERROR;
				GCC_WARN_UNDECLARED_SELECTOR = YES;
				GCC_WARN_UNINITIALIZED_AUTOS = YES_AGGRESSIVE;
				GCC_WARN_UNUSED_FUNCTION = YES;
				GCC_WARN_UNUSED_VARIABLE = YES;
				MACOSX_DEPLOYMENT_TARGET = 10.11;
				MTL_ENABLE_DEBUG_INFO = YES;
				ONLY_ACTIVE_ARCH = YES;
				SDKROOT = macosx;
				SWIFT_OPTIMIZATION_LEVEL = "-Onone";
			};
			name = Debug;
		};
		BBEFDC291C80767B00C395B7 /* Release */ = {
			isa = XCBuildConfiguration;
			buildSettings = {
				ALWAYS_SEARCH_USER_PATHS = NO;
				CLANG_CXX_LANGUAGE_STANDARD = "gnu++0x";
				CLANG_CXX_LIBRARY = "libc++";
				CLANG_ENABLE_MODULES = YES;
				CLANG_ENABLE_OBJC_ARC = YES;
				CLANG_WARN_BOOL_CONVERSION = YES;
				CLANG_WARN_CONSTANT_CONVERSION = YES;
				CLANG_WARN_DIRECT_OBJC_ISA_USAGE = YES_ERROR;
				CLANG_WARN_EMPTY_BODY = YES;
				CLANG_WARN_ENUM_CONVERSION = YES;
				CLANG_WARN_INT_CONVERSION = YES;
				CLANG_WARN_OBJC_ROOT_CLASS = YES_ERROR;
				CLANG_WARN_UNREACHABLE_CODE = YES;
				CLANG_WARN__DUPLICATE_METHOD_MATCH = YES;
				CODE_SIGN_IDENTITY = "-";
				"CODE_SIGN_IDENTITY[sdk=iphoneos*]" = "";
				COPY_PHASE_STRIP = NO;
				DEBUG_INFORMATION_FORMAT = "dwarf-with-dsym";
				ENABLE_NS_ASSERTIONS = NO;
				ENABLE_STRICT_OBJC_MSGSEND = YES;
				GCC_C_LANGUAGE_STANDARD = gnu99;
				GCC_NO_COMMON_BLOCKS = YES;
				GCC_WARN_64_TO_32_BIT_CONVERSION = YES;
				GCC_WARN_ABOUT_RETURN_TYPE = YES_ERROR;
				GCC_WARN_UNDECLARED_SELECTOR = YES;
				GCC_WARN_UNINITIALIZED_AUTOS = YES_AGGRESSIVE;
				GCC_WARN_UNUSED_FUNCTION = YES;
				GCC_WARN_UNUSED_VARIABLE = YES;
				MACOSX_DEPLOYMENT_TARGET = 10.11;
				MTL_ENABLE_DEBUG_INFO = NO;
				SDKROOT = macosx;
			};
			name = Release;
		};
		BBEFDC2B1C80767B00C395B7 /* Debug */ = {
			isa = XCBuildConfiguration;
			buildSettings = {
				ASSETCATALOG_COMPILER_APPICON_NAME = AppIcon;
				COMBINE_HIDPI_IMAGES = YES;
				INFOPLIST_FILE = Traffic/Info.plist;
				LD_RUNPATH_SEARCH_PATHS = "$(inherited) @executable_path/../Frameworks";
				PRODUCT_BUNDLE_IDENTIFIER = com.vitaliy.traffic.Traffic;
				PRODUCT_NAME = "$(TARGET_NAME)";
			};
			name = Debug;
		};
		BBEFDC2C1C80767B00C395B7 /* Release */ = {
			isa = XCBuildConfiguration;
			buildSettings = {
				ASSETCATALOG_COMPILER_APPICON_NAME = AppIcon;
				COMBINE_HIDPI_IMAGES = YES;
				INFOPLIST_FILE = Traffic/Info.plist;
				LD_RUNPATH_SEARCH_PATHS = "$(inherited) @executable_path/../Frameworks";
				PRODUCT_BUNDLE_IDENTIFIER = com.vitaliy.traffic.Traffic;
				PRODUCT_NAME = "$(TARGET_NAME)";
			};
			name = Release;
		};
		BBEFDC2E1C80767B00C395B7 /* Debug */ = {
			isa = XCBuildConfiguration;
			buildSettings = {
				BUNDLE_LOADER = "$(TEST_HOST)";
				COMBINE_HIDPI_IMAGES = YES;
				INFOPLIST_FILE = TrafficTests/Info.plist;
				LD_RUNPATH_SEARCH_PATHS = "$(inherited) @executable_path/../Frameworks @loader_path/../Frameworks";
				PRODUCT_BUNDLE_IDENTIFIER = com.vitaliy.traffic.TrafficTests;
				PRODUCT_NAME = "$(TARGET_NAME)";
				TEST_HOST = "$(BUILT_PRODUCTS_DIR)/Traffic.app/Contents/MacOS/Traffic";
			};
			name = Debug;
		};
		BBEFDC2F1C80767B00C395B7 /* Release */ = {
			isa = XCBuildConfiguration;
			buildSettings = {
				BUNDLE_LOADER = "$(TEST_HOST)";
				COMBINE_HIDPI_IMAGES = YES;
				INFOPLIST_FILE = TrafficTests/Info.plist;
				LD_RUNPATH_SEARCH_PATHS = "$(inherited) @executable_path/../Frameworks @loader_path/../Frameworks";
				PRODUCT_BUNDLE_IDENTIFIER = com.vitaliy.traffic.TrafficTests;
				PRODUCT_NAME = "$(TARGET_NAME)";
				TEST_HOST = "$(BUILT_PRODUCTS_DIR)/Traffic.app/Contents/MacOS/Traffic";
			};
			name = Release;
		};
		BBEFDC311C80767B00C395B7 /* Debug */ = {
			isa = XCBuildConfiguration;
			buildSettings = {
				COMBINE_HIDPI_IMAGES = YES;
				INFOPLIST_FILE = TrafficUITests/Info.plist;
				LD_RUNPATH_SEARCH_PATHS = "$(inherited) @executable_path/../Frameworks @loader_path/../Frameworks";
				PRODUCT_BUNDLE_IDENTIFIER = com.vitaliy.traffic.TrafficUITests;
				PRODUCT_NAME = "$(TARGET_NAME)";
				TEST_TARGET_NAME = Traffic;
				USES_XCTRUNNER = YES;
			};
			name = Debug;
		};
		BBEFDC321C80767B00C395B7 /* Release */ = {
			isa = XCBuildConfiguration;
			buildSettings = {
				COMBINE_HIDPI_IMAGES = YES;
				INFOPLIST_FILE = TrafficUITests/Info.plist;
				LD_RUNPATH_SEARCH_PATHS = "$(inherited) @executable_path/../Frameworks @loader_path/../Frameworks";
				PRODUCT_BUNDLE_IDENTIFIER = com.vitaliy.traffic.TrafficUITests;
				PRODUCT_NAME = "$(TARGET_NAME)";
				TEST_TARGET_NAME = Traffic;
				USES_XCTRUNNER = YES;
			};
			name = Release;
		};
		FE3DE4AC1CBBBCA300D35BF8 /* Debug */ = {
			isa = XCBuildConfiguration;
			buildSettings = {
				ASSETCATALOG_COMPILER_APPICON_NAME = "AppIcon-iOS";
				CLANG_ANALYZER_NONNULL = YES;
				CODE_SIGN_IDENTITY = "iPhone Developer";
				"CODE_SIGN_IDENTITY[sdk=iphoneos*]" = "iPhone Developer";
				INFOPLIST_FILE = "Traffic-iOS/Info.plist";
				IPHONEOS_DEPLOYMENT_TARGET = 8.4;
				LD_RUNPATH_SEARCH_PATHS = "$(inherited) @executable_path/Frameworks";
				PRODUCT_BUNDLE_IDENTIFIER = com.vitaliy.easyjira;
				PRODUCT_NAME = "$(TARGET_NAME)";
				PROVISIONING_PROFILE = "";
				SDKROOT = iphoneos;
				TARGETED_DEVICE_FAMILY = "1,2";
			};
			name = Debug;
		};
		FE3DE4AD1CBBBCA300D35BF8 /* Release */ = {
			isa = XCBuildConfiguration;
			buildSettings = {
				ASSETCATALOG_COMPILER_APPICON_NAME = "AppIcon-iOS";
				CLANG_ANALYZER_NONNULL = YES;
				CODE_SIGN_IDENTITY = "iPhone Developer";
				"CODE_SIGN_IDENTITY[sdk=iphoneos*]" = "iPhone Developer";
				INFOPLIST_FILE = "Traffic-iOS/Info.plist";
				IPHONEOS_DEPLOYMENT_TARGET = 8.4;
				LD_RUNPATH_SEARCH_PATHS = "$(inherited) @executable_path/Frameworks";
				PRODUCT_BUNDLE_IDENTIFIER = com.vitaliy.easyjira;
				PRODUCT_NAME = "$(TARGET_NAME)";
				PROVISIONING_PROFILE = "";
				SDKROOT = iphoneos;
				TARGETED_DEVICE_FAMILY = "1,2";
				VALIDATE_PRODUCT = YES;
			};
			name = Release;
		};
		FE3DE4AE1CBBBCA300D35BF8 /* Debug */ = {
			isa = XCBuildConfiguration;
			buildSettings = {
				BUNDLE_LOADER = "$(TEST_HOST)";
				CLANG_ANALYZER_NONNULL = YES;
				"CODE_SIGN_IDENTITY[sdk=iphoneos*]" = "iPhone Developer";
				INFOPLIST_FILE = "Traffic-iOSTests/Info.plist";
				IPHONEOS_DEPLOYMENT_TARGET = 9.3;
				LD_RUNPATH_SEARCH_PATHS = "$(inherited) @executable_path/Frameworks @loader_path/Frameworks";
				PRODUCT_BUNDLE_IDENTIFIER = "com.vitaliy.traffic.TrafficiOS.Traffic-iOSTests";
				PRODUCT_NAME = "$(TARGET_NAME)";
				SDKROOT = iphoneos;
				TEST_HOST = "$(BUILT_PRODUCTS_DIR)/Traffic-iOS.app/Traffic-iOS";
			};
			name = Debug;
		};
		FE3DE4AF1CBBBCA300D35BF8 /* Release */ = {
			isa = XCBuildConfiguration;
			buildSettings = {
				BUNDLE_LOADER = "$(TEST_HOST)";
				CLANG_ANALYZER_NONNULL = YES;
				"CODE_SIGN_IDENTITY[sdk=iphoneos*]" = "iPhone Developer";
				INFOPLIST_FILE = "Traffic-iOSTests/Info.plist";
				IPHONEOS_DEPLOYMENT_TARGET = 9.3;
				LD_RUNPATH_SEARCH_PATHS = "$(inherited) @executable_path/Frameworks @loader_path/Frameworks";
				PRODUCT_BUNDLE_IDENTIFIER = "com.vitaliy.traffic.TrafficiOS.Traffic-iOSTests";
				PRODUCT_NAME = "$(TARGET_NAME)";
				SDKROOT = iphoneos;
				TEST_HOST = "$(BUILT_PRODUCTS_DIR)/Traffic-iOS.app/Traffic-iOS";
				VALIDATE_PRODUCT = YES;
			};
			name = Release;
		};
		FE3DE4B01CBBBCA300D35BF8 /* Debug */ = {
			isa = XCBuildConfiguration;
			buildSettings = {
				CLANG_ANALYZER_NONNULL = YES;
				"CODE_SIGN_IDENTITY[sdk=iphoneos*]" = "iPhone Developer";
				INFOPLIST_FILE = "Traffic-iOSUITests/Info.plist";
				IPHONEOS_DEPLOYMENT_TARGET = 9.3;
				LD_RUNPATH_SEARCH_PATHS = "$(inherited) @executable_path/Frameworks @loader_path/Frameworks";
				PRODUCT_BUNDLE_IDENTIFIER = "com.vitaliy.traffic.TrafficiOS.Traffic-iOSUITests";
				PRODUCT_NAME = "$(TARGET_NAME)";
				SDKROOT = iphoneos;
				TEST_TARGET_NAME = "Traffic-iOS";
			};
			name = Debug;
		};
		FE3DE4B11CBBBCA300D35BF8 /* Release */ = {
			isa = XCBuildConfiguration;
			buildSettings = {
				CLANG_ANALYZER_NONNULL = YES;
				"CODE_SIGN_IDENTITY[sdk=iphoneos*]" = "iPhone Developer";
				INFOPLIST_FILE = "Traffic-iOSUITests/Info.plist";
				IPHONEOS_DEPLOYMENT_TARGET = 9.3;
				LD_RUNPATH_SEARCH_PATHS = "$(inherited) @executable_path/Frameworks @loader_path/Frameworks";
				PRODUCT_BUNDLE_IDENTIFIER = "com.vitaliy.traffic.TrafficiOS.Traffic-iOSUITests";
				PRODUCT_NAME = "$(TARGET_NAME)";
				SDKROOT = iphoneos;
				TEST_TARGET_NAME = "Traffic-iOS";
				VALIDATE_PRODUCT = YES;
			};
			name = Release;
		};
/* End XCBuildConfiguration section */

/* Begin XCConfigurationList section */
		BBEFDC001C80767B00C395B7 /* Build configuration list for PBXProject "Traffic" */ = {
			isa = XCConfigurationList;
			buildConfigurations = (
				BBEFDC281C80767B00C395B7 /* Debug */,
				BBEFDC291C80767B00C395B7 /* Release */,
			);
			defaultConfigurationIsVisible = 0;
			defaultConfigurationName = Release;
		};
		BBEFDC2A1C80767B00C395B7 /* Build configuration list for PBXNativeTarget "Traffic" */ = {
			isa = XCConfigurationList;
			buildConfigurations = (
				BBEFDC2B1C80767B00C395B7 /* Debug */,
				BBEFDC2C1C80767B00C395B7 /* Release */,
			);
			defaultConfigurationIsVisible = 0;
			defaultConfigurationName = Release;
		};
		BBEFDC2D1C80767B00C395B7 /* Build configuration list for PBXNativeTarget "TrafficTests" */ = {
			isa = XCConfigurationList;
			buildConfigurations = (
				BBEFDC2E1C80767B00C395B7 /* Debug */,
				BBEFDC2F1C80767B00C395B7 /* Release */,
			);
			defaultConfigurationIsVisible = 0;
			defaultConfigurationName = Release;
		};
		BBEFDC301C80767B00C395B7 /* Build configuration list for PBXNativeTarget "TrafficUITests" */ = {
			isa = XCConfigurationList;
			buildConfigurations = (
				BBEFDC311C80767B00C395B7 /* Debug */,
				BBEFDC321C80767B00C395B7 /* Release */,
			);
			defaultConfigurationIsVisible = 0;
			defaultConfigurationName = Release;
		};
		FE3DE4B21CBBBCA300D35BF8 /* Build configuration list for PBXNativeTarget "Traffic-iOS" */ = {
			isa = XCConfigurationList;
			buildConfigurations = (
				FE3DE4AC1CBBBCA300D35BF8 /* Debug */,
				FE3DE4AD1CBBBCA300D35BF8 /* Release */,
			);
			defaultConfigurationIsVisible = 0;
			defaultConfigurationName = Release;
		};
		FE3DE4B31CBBBCA300D35BF8 /* Build configuration list for PBXNativeTarget "Traffic-iOSTests" */ = {
			isa = XCConfigurationList;
			buildConfigurations = (
				FE3DE4AE1CBBBCA300D35BF8 /* Debug */,
				FE3DE4AF1CBBBCA300D35BF8 /* Release */,
			);
			defaultConfigurationIsVisible = 0;
			defaultConfigurationName = Release;
		};
		FE3DE4B41CBBBCA300D35BF8 /* Build configuration list for PBXNativeTarget "Traffic-iOSUITests" */ = {
			isa = XCConfigurationList;
			buildConfigurations = (
				FE3DE4B01CBBBCA300D35BF8 /* Debug */,
				FE3DE4B11CBBBCA300D35BF8 /* Release */,
			);
			defaultConfigurationIsVisible = 0;
			defaultConfigurationName = Release;
		};
/* End XCConfigurationList section */

/* Begin XCVersionGroup section */
		FE3DE48D1CBBBCA300D35BF8 /* Traffic_iOS.xcdatamodeld */ = {
			isa = XCVersionGroup;
			children = (
				FE3DE48E1CBBBCA300D35BF8 /* Traffic_iOS.xcdatamodel */,
			);
			currentVersion = FE3DE48E1CBBBCA300D35BF8 /* Traffic_iOS.xcdatamodel */;
			path = Traffic_iOS.xcdatamodeld;
			sourceTree = "<group>";
			versionGroupType = wrapper.xcdatamodel;
		};
/* End XCVersionGroup section */
	};
	rootObject = BBEFDBFD1C80767B00C395B7 /* Project object */;
}
